// !$*UTF8*$!
{
	archiveVersion = 1;
	classes = {
	};
	objectVersion = 46;
	objects = {

/* Begin PBXBuildFile section */
		346110591DC2BE8E00E02118 /* ListRepositoriesInteractorTests.swift in Sources */ = {isa = PBXBuildFile; fileRef = 346110581DC2BE8E00E02118 /* ListRepositoriesInteractorTests.swift */; };
		3461105C1DC2C1C700E02118 /* ListRepositoriesInteractor.swift in Sources */ = {isa = PBXBuildFile; fileRef = 3461105B1DC2C1C700E02118 /* ListRepositoriesInteractor.swift */; };
		3461105F1DC2C1EC00E02118 /* ListRepositoriesPresenter.swift in Sources */ = {isa = PBXBuildFile; fileRef = 3461105E1DC2C1EC00E02118 /* ListRepositoriesPresenter.swift */; };
		346110641DC2C29600E02118 /* ListRepositoriesPresenterFake.swift in Sources */ = {isa = PBXBuildFile; fileRef = 346110631DC2C29600E02118 /* ListRepositoriesPresenterFake.swift */; };
		346110681DC2C67000E02118 /* RepositoriesGateway.swift in Sources */ = {isa = PBXBuildFile; fileRef = 346110671DC2C67000E02118 /* RepositoriesGateway.swift */; };
		3461106F1DC2C8EA00E02118 /* WebService.swift in Sources */ = {isa = PBXBuildFile; fileRef = 3461106E1DC2C8EA00E02118 /* WebService.swift */; };
		346110711DC2C8FA00E02118 /* Resource.swift in Sources */ = {isa = PBXBuildFile; fileRef = 346110701DC2C8FA00E02118 /* Resource.swift */; };
		346110741DC2CE6800E02118 /* WebServiceFake.swift in Sources */ = {isa = PBXBuildFile; fileRef = 346110731DC2CE6800E02118 /* WebServiceFake.swift */; };
		34C176B41DC5069F001D9528 /* UIView+IBInspectable.swift in Sources */ = {isa = PBXBuildFile; fileRef = 34C176B31DC5069F001D9528 /* UIView+IBInspectable.swift */; };
		34C176B61DC5164F001D9528 /* GetUserAvatarInteractor.swift in Sources */ = {isa = PBXBuildFile; fileRef = 34C176B51DC5164F001D9528 /* GetUserAvatarInteractor.swift */; };
		34C176B81DC53C47001D9528 /* UserGateway.swift in Sources */ = {isa = PBXBuildFile; fileRef = 34C176B71DC53C47001D9528 /* UserGateway.swift */; };
		34C176BA1DC56415001D9528 /* GetUserAvatarPresenter.swift in Sources */ = {isa = PBXBuildFile; fileRef = 34C176B91DC56415001D9528 /* GetUserAvatarPresenter.swift */; };
		34C176BC1DC56541001D9528 /* GetUserAvatarInteractorTests.swift in Sources */ = {isa = PBXBuildFile; fileRef = 34C176BB1DC56541001D9528 /* GetUserAvatarInteractorTests.swift */; };
		34C176BE1DC565B7001D9528 /* GetUserAvatarPresenterFakeFake.swift in Sources */ = {isa = PBXBuildFile; fileRef = 34C176BD1DC565B7001D9528 /* GetUserAvatarPresenterFakeFake.swift */; };
		34C176C01DC567EA001D9528 /* GetUserAvatarInteractorFactory.swift in Sources */ = {isa = PBXBuildFile; fileRef = 34C176BF1DC567EA001D9528 /* GetUserAvatarInteractorFactory.swift */; };
		34C176C21DC569D9001D9528 /* GetUserAvatarPresenteriOS.swift in Sources */ = {isa = PBXBuildFile; fileRef = 34C176C11DC569D9001D9528 /* GetUserAvatarPresenteriOS.swift */; };
		34DE19671DC2B03F00D64C5B /* AppDelegate.swift in Sources */ = {isa = PBXBuildFile; fileRef = 34DE19661DC2B03F00D64C5B /* AppDelegate.swift */; };
		34DE196E1DC2B03F00D64C5B /* Assets.xcassets in Resources */ = {isa = PBXBuildFile; fileRef = 34DE196D1DC2B03F00D64C5B /* Assets.xcassets */; };
		34DE19711DC2B03F00D64C5B /* LaunchScreen.storyboard in Resources */ = {isa = PBXBuildFile; fileRef = 34DE196F1DC2B03F00D64C5B /* LaunchScreen.storyboard */; };
		34DE19941DC2B1F300D64C5B /* Shared.framework in Frameworks */ = {isa = PBXBuildFile; fileRef = 34DE198B1DC2B1F300D64C5B /* Shared.framework */; };
		34DE199D1DC2B1F300D64C5B /* Shared.h in Headers */ = {isa = PBXBuildFile; fileRef = 34DE198D1DC2B1F300D64C5B /* Shared.h */; settings = {ATTRIBUTES = (Public, ); }; };
		34DE19A01DC2B1F300D64C5B /* Shared.framework in Frameworks */ = {isa = PBXBuildFile; fileRef = 34DE198B1DC2B1F300D64C5B /* Shared.framework */; };
		34DE19A21DC2B1F300D64C5B /* Shared.framework in Embed Frameworks */ = {isa = PBXBuildFile; fileRef = 34DE198B1DC2B1F300D64C5B /* Shared.framework */; settings = {ATTRIBUTES = (CodeSignOnCopy, RemoveHeadersOnCopy, ); }; };
		34DE19B01DC2B9C700D64C5B /* User.swift in Sources */ = {isa = PBXBuildFile; fileRef = 34DE19AF1DC2B9C700D64C5B /* User.swift */; };
		34DE19B21DC2B9E400D64C5B /* Repository.swift in Sources */ = {isa = PBXBuildFile; fileRef = 34DE19B11DC2B9E400D64C5B /* Repository.swift */; };
		34DE19B41DC2BBB200D64C5B /* PullRequest.swift in Sources */ = {isa = PBXBuildFile; fileRef = 34DE19B31DC2BBB200D64C5B /* PullRequest.swift */; };
		34FF87611DC4121F00D57587 /* ErrorFake.swift in Sources */ = {isa = PBXBuildFile; fileRef = 34FF87601DC4121F00D57587 /* ErrorFake.swift */; };
		34FF87661DC41BF500D57587 /* ListRepositoriesInteractorFactory.swift in Sources */ = {isa = PBXBuildFile; fileRef = 34FF87651DC41BF500D57587 /* ListRepositoriesInteractorFactory.swift */; };
		34FF876B1DC41E5500D57587 /* ListRepositoriesViewController.swift in Sources */ = {isa = PBXBuildFile; fileRef = 34FF87691DC41E5500D57587 /* ListRepositoriesViewController.swift */; };
		34FF876C1DC41E5500D57587 /* ListRepositoriesViewController.xib in Resources */ = {isa = PBXBuildFile; fileRef = 34FF876A1DC41E5500D57587 /* ListRepositoriesViewController.xib */; };
		34FF876F1DC41E9C00D57587 /* RepositoriesRouter.swift in Sources */ = {isa = PBXBuildFile; fileRef = 34FF876E1DC41E9C00D57587 /* RepositoriesRouter.swift */; };
		34FF87731DC41F5700D57587 /* RepositoriesRouterNavigation.swift in Sources */ = {isa = PBXBuildFile; fileRef = 34FF87721DC41F5700D57587 /* RepositoriesRouterNavigation.swift */; };
		34FF87761DC423DD00D57587 /* ListRepositoriesPresenteriOS.swift in Sources */ = {isa = PBXBuildFile; fileRef = 34FF87751DC423DD00D57587 /* ListRepositoriesPresenteriOS.swift */; };
		34FF87781DC4243A00D57587 /* ListRepositoriesDataSource.swift in Sources */ = {isa = PBXBuildFile; fileRef = 34FF87771DC4243A00D57587 /* ListRepositoriesDataSource.swift */; };
		34FF877B1DC4262B00D57587 /* RepositoryTableViewCell.swift in Sources */ = {isa = PBXBuildFile; fileRef = 34FF87791DC4262B00D57587 /* RepositoryTableViewCell.swift */; };
		34FF877C1DC4262B00D57587 /* RepositoryTableViewCell.xib in Resources */ = {isa = PBXBuildFile; fileRef = 34FF877A1DC4262B00D57587 /* RepositoryTableViewCell.xib */; };
/* End PBXBuildFile section */

/* Begin PBXContainerItemProxy section */
		34DE19951DC2B1F300D64C5B /* PBXContainerItemProxy */ = {
			isa = PBXContainerItemProxy;
			containerPortal = 34DE19341DC2AF5900D64C5B /* Project object */;
			proxyType = 1;
			remoteGlobalIDString = 34DE198A1DC2B1F300D64C5B;
			remoteInfo = Shared;
		};
		34DE19971DC2B1F300D64C5B /* PBXContainerItemProxy */ = {
			isa = PBXContainerItemProxy;
			containerPortal = 34DE19341DC2AF5900D64C5B /* Project object */;
			proxyType = 1;
			remoteGlobalIDString = 34DE19621DC2B03F00D64C5B;
			remoteInfo = iOS;
		};
		34DE199E1DC2B1F300D64C5B /* PBXContainerItemProxy */ = {
			isa = PBXContainerItemProxy;
			containerPortal = 34DE19341DC2AF5900D64C5B /* Project object */;
			proxyType = 1;
			remoteGlobalIDString = 34DE198A1DC2B1F300D64C5B;
			remoteInfo = Shared;
		};
/* End PBXContainerItemProxy section */

/* Begin PBXCopyFilesBuildPhase section */
		34DE19A11DC2B1F300D64C5B /* Embed Frameworks */ = {
			isa = PBXCopyFilesBuildPhase;
			buildActionMask = 2147483647;
			dstPath = "";
			dstSubfolderSpec = 10;
			files = (
				34DE19A21DC2B1F300D64C5B /* Shared.framework in Embed Frameworks */,
			);
			name = "Embed Frameworks";
			runOnlyForDeploymentPostprocessing = 0;
		};
/* End PBXCopyFilesBuildPhase section */

/* Begin PBXFileReference section */
		346110581DC2BE8E00E02118 /* ListRepositoriesInteractorTests.swift */ = {isa = PBXFileReference; fileEncoding = 4; lastKnownFileType = sourcecode.swift; path = ListRepositoriesInteractorTests.swift; sourceTree = "<group>"; };
		3461105B1DC2C1C700E02118 /* ListRepositoriesInteractor.swift */ = {isa = PBXFileReference; fileEncoding = 4; lastKnownFileType = sourcecode.swift; path = ListRepositoriesInteractor.swift; sourceTree = "<group>"; };
		3461105E1DC2C1EC00E02118 /* ListRepositoriesPresenter.swift */ = {isa = PBXFileReference; fileEncoding = 4; lastKnownFileType = sourcecode.swift; path = ListRepositoriesPresenter.swift; sourceTree = "<group>"; };
		346110631DC2C29600E02118 /* ListRepositoriesPresenterFake.swift */ = {isa = PBXFileReference; fileEncoding = 4; lastKnownFileType = sourcecode.swift; path = ListRepositoriesPresenterFake.swift; sourceTree = "<group>"; };
		346110671DC2C67000E02118 /* RepositoriesGateway.swift */ = {isa = PBXFileReference; fileEncoding = 4; lastKnownFileType = sourcecode.swift; path = RepositoriesGateway.swift; sourceTree = "<group>"; };
		3461106E1DC2C8EA00E02118 /* WebService.swift */ = {isa = PBXFileReference; fileEncoding = 4; lastKnownFileType = sourcecode.swift; path = WebService.swift; sourceTree = "<group>"; };
		346110701DC2C8FA00E02118 /* Resource.swift */ = {isa = PBXFileReference; fileEncoding = 4; lastKnownFileType = sourcecode.swift; path = Resource.swift; sourceTree = "<group>"; };
		346110731DC2CE6800E02118 /* WebServiceFake.swift */ = {isa = PBXFileReference; fileEncoding = 4; lastKnownFileType = sourcecode.swift; path = WebServiceFake.swift; sourceTree = "<group>"; };
		34C176B31DC5069F001D9528 /* UIView+IBInspectable.swift */ = {isa = PBXFileReference; fileEncoding = 4; lastKnownFileType = sourcecode.swift; path = "UIView+IBInspectable.swift"; sourceTree = "<group>"; };
		34C176B51DC5164F001D9528 /* GetUserAvatarInteractor.swift */ = {isa = PBXFileReference; fileEncoding = 4; lastKnownFileType = sourcecode.swift; path = GetUserAvatarInteractor.swift; sourceTree = "<group>"; };
		34C176B71DC53C47001D9528 /* UserGateway.swift */ = {isa = PBXFileReference; fileEncoding = 4; lastKnownFileType = sourcecode.swift; path = UserGateway.swift; sourceTree = "<group>"; };
		34C176B91DC56415001D9528 /* GetUserAvatarPresenter.swift */ = {isa = PBXFileReference; fileEncoding = 4; lastKnownFileType = sourcecode.swift; path = GetUserAvatarPresenter.swift; sourceTree = "<group>"; };
		34C176BB1DC56541001D9528 /* GetUserAvatarInteractorTests.swift */ = {isa = PBXFileReference; fileEncoding = 4; lastKnownFileType = sourcecode.swift; path = GetUserAvatarInteractorTests.swift; sourceTree = "<group>"; };
		34C176BD1DC565B7001D9528 /* GetUserAvatarPresenterFakeFake.swift */ = {isa = PBXFileReference; fileEncoding = 4; lastKnownFileType = sourcecode.swift; path = GetUserAvatarPresenterFakeFake.swift; sourceTree = "<group>"; };
		34C176BF1DC567EA001D9528 /* GetUserAvatarInteractorFactory.swift */ = {isa = PBXFileReference; fileEncoding = 4; lastKnownFileType = sourcecode.swift; path = GetUserAvatarInteractorFactory.swift; sourceTree = "<group>"; };
		34C176C11DC569D9001D9528 /* GetUserAvatarPresenteriOS.swift */ = {isa = PBXFileReference; fileEncoding = 4; lastKnownFileType = sourcecode.swift; path = GetUserAvatarPresenteriOS.swift; sourceTree = "<group>"; };
		34DE19631DC2B03F00D64C5B /* iOS.app */ = {isa = PBXFileReference; explicitFileType = wrapper.application; includeInIndex = 0; path = iOS.app; sourceTree = BUILT_PRODUCTS_DIR; };
		34DE19661DC2B03F00D64C5B /* AppDelegate.swift */ = {isa = PBXFileReference; lastKnownFileType = sourcecode.swift; path = AppDelegate.swift; sourceTree = "<group>"; };
		34DE196D1DC2B03F00D64C5B /* Assets.xcassets */ = {isa = PBXFileReference; lastKnownFileType = folder.assetcatalog; path = Assets.xcassets; sourceTree = "<group>"; };
		34DE19701DC2B03F00D64C5B /* Base */ = {isa = PBXFileReference; lastKnownFileType = file.storyboard; name = Base; path = Base.lproj/LaunchScreen.storyboard; sourceTree = "<group>"; };
		34DE19721DC2B03F00D64C5B /* Info.plist */ = {isa = PBXFileReference; lastKnownFileType = text.plist.xml; path = Info.plist; sourceTree = "<group>"; };
		34DE198B1DC2B1F300D64C5B /* Shared.framework */ = {isa = PBXFileReference; explicitFileType = wrapper.framework; includeInIndex = 0; path = Shared.framework; sourceTree = BUILT_PRODUCTS_DIR; };
		34DE198D1DC2B1F300D64C5B /* Shared.h */ = {isa = PBXFileReference; lastKnownFileType = sourcecode.c.h; path = Shared.h; sourceTree = "<group>"; };
		34DE198E1DC2B1F300D64C5B /* Info.plist */ = {isa = PBXFileReference; lastKnownFileType = text.plist.xml; path = Info.plist; sourceTree = "<group>"; };
		34DE19931DC2B1F300D64C5B /* SharedTests.xctest */ = {isa = PBXFileReference; explicitFileType = wrapper.cfbundle; includeInIndex = 0; path = SharedTests.xctest; sourceTree = BUILT_PRODUCTS_DIR; };
		34DE199C1DC2B1F300D64C5B /* Info.plist */ = {isa = PBXFileReference; lastKnownFileType = text.plist.xml; path = Info.plist; sourceTree = "<group>"; };
		34DE19AF1DC2B9C700D64C5B /* User.swift */ = {isa = PBXFileReference; fileEncoding = 4; lastKnownFileType = sourcecode.swift; path = User.swift; sourceTree = "<group>"; };
		34DE19B11DC2B9E400D64C5B /* Repository.swift */ = {isa = PBXFileReference; fileEncoding = 4; lastKnownFileType = sourcecode.swift; path = Repository.swift; sourceTree = "<group>"; };
		34DE19B31DC2BBB200D64C5B /* PullRequest.swift */ = {isa = PBXFileReference; fileEncoding = 4; lastKnownFileType = sourcecode.swift; path = PullRequest.swift; sourceTree = "<group>"; };
		34FF87601DC4121F00D57587 /* ErrorFake.swift */ = {isa = PBXFileReference; fileEncoding = 4; lastKnownFileType = sourcecode.swift; path = ErrorFake.swift; sourceTree = "<group>"; };
		34FF87651DC41BF500D57587 /* ListRepositoriesInteractorFactory.swift */ = {isa = PBXFileReference; fileEncoding = 4; lastKnownFileType = sourcecode.swift; path = ListRepositoriesInteractorFactory.swift; sourceTree = "<group>"; };
		34FF87691DC41E5500D57587 /* ListRepositoriesViewController.swift */ = {isa = PBXFileReference; fileEncoding = 4; lastKnownFileType = sourcecode.swift; path = ListRepositoriesViewController.swift; sourceTree = "<group>"; };
		34FF876A1DC41E5500D57587 /* ListRepositoriesViewController.xib */ = {isa = PBXFileReference; fileEncoding = 4; lastKnownFileType = file.xib; path = ListRepositoriesViewController.xib; sourceTree = "<group>"; };
		34FF876E1DC41E9C00D57587 /* RepositoriesRouter.swift */ = {isa = PBXFileReference; fileEncoding = 4; lastKnownFileType = sourcecode.swift; path = RepositoriesRouter.swift; sourceTree = "<group>"; };
		34FF87721DC41F5700D57587 /* RepositoriesRouterNavigation.swift */ = {isa = PBXFileReference; fileEncoding = 4; lastKnownFileType = sourcecode.swift; path = RepositoriesRouterNavigation.swift; sourceTree = "<group>"; };
		34FF87751DC423DD00D57587 /* ListRepositoriesPresenteriOS.swift */ = {isa = PBXFileReference; fileEncoding = 4; lastKnownFileType = sourcecode.swift; path = ListRepositoriesPresenteriOS.swift; sourceTree = "<group>"; };
		34FF87771DC4243A00D57587 /* ListRepositoriesDataSource.swift */ = {isa = PBXFileReference; fileEncoding = 4; lastKnownFileType = sourcecode.swift; path = ListRepositoriesDataSource.swift; sourceTree = "<group>"; };
		34FF87791DC4262B00D57587 /* RepositoryTableViewCell.swift */ = {isa = PBXFileReference; fileEncoding = 4; lastKnownFileType = sourcecode.swift; path = RepositoryTableViewCell.swift; sourceTree = "<group>"; };
		34FF877A1DC4262B00D57587 /* RepositoryTableViewCell.xib */ = {isa = PBXFileReference; fileEncoding = 4; lastKnownFileType = file.xib; path = RepositoryTableViewCell.xib; sourceTree = "<group>"; };
/* End PBXFileReference section */

/* Begin PBXFrameworksBuildPhase section */
		34DE19601DC2B03F00D64C5B /* Frameworks */ = {
			isa = PBXFrameworksBuildPhase;
			buildActionMask = 2147483647;
			files = (
				34DE19A01DC2B1F300D64C5B /* Shared.framework in Frameworks */,
			);
			runOnlyForDeploymentPostprocessing = 0;
		};
		34DE19871DC2B1F300D64C5B /* Frameworks */ = {
			isa = PBXFrameworksBuildPhase;
			buildActionMask = 2147483647;
			files = (
			);
			runOnlyForDeploymentPostprocessing = 0;
		};
		34DE19901DC2B1F300D64C5B /* Frameworks */ = {
			isa = PBXFrameworksBuildPhase;
			buildActionMask = 2147483647;
			files = (
				34DE19941DC2B1F300D64C5B /* Shared.framework in Frameworks */,
			);
			runOnlyForDeploymentPostprocessing = 0;
		};
/* End PBXFrameworksBuildPhase section */

/* Begin PBXGroup section */
		3461105A1DC2C1A000E02118 /* Interactors */ = {
			isa = PBXGroup;
			children = (
				3461105B1DC2C1C700E02118 /* ListRepositoriesInteractor.swift */,
				34C176B51DC5164F001D9528 /* GetUserAvatarInteractor.swift */,
			);
			path = Interactors;
			sourceTree = "<group>";
		};
		3461105D1DC2C1DE00E02118 /* Presenters */ = {
			isa = PBXGroup;
			children = (
				3461105E1DC2C1EC00E02118 /* ListRepositoriesPresenter.swift */,
				34C176B91DC56415001D9528 /* GetUserAvatarPresenter.swift */,
			);
			path = Presenters;
			sourceTree = "<group>";
		};
		346110601DC2C26F00E02118 /* Mocks */ = {
			isa = PBXGroup;
			children = (
				34FF875F1DC4121500D57587 /* Errors */,
				346110721DC2CE3900E02118 /* Networking */,
				346110611DC2C27D00E02118 /* Presenters */,
			);
			path = Mocks;
			sourceTree = "<group>";
		};
		346110611DC2C27D00E02118 /* Presenters */ = {
			isa = PBXGroup;
			children = (
				346110631DC2C29600E02118 /* ListRepositoriesPresenterFake.swift */,
				34C176BD1DC565B7001D9528 /* GetUserAvatarPresenterFakeFake.swift */,
			);
			path = Presenters;
			sourceTree = "<group>";
		};
		346110651DC2C66000E02118 /* Gateways */ = {
			isa = PBXGroup;
			children = (
				346110671DC2C67000E02118 /* RepositoriesGateway.swift */,
				34C176B71DC53C47001D9528 /* UserGateway.swift */,
			);
			path = Gateways;
			sourceTree = "<group>";
		};
		3461106C1DC2C8D800E02118 /* Networking */ = {
			isa = PBXGroup;
			children = (
				346110701DC2C8FA00E02118 /* Resource.swift */,
				3461106E1DC2C8EA00E02118 /* WebService.swift */,
			);
			path = Networking;
			sourceTree = "<group>";
		};
		346110721DC2CE3900E02118 /* Networking */ = {
			isa = PBXGroup;
			children = (
				346110731DC2CE6800E02118 /* WebServiceFake.swift */,
			);
			path = Networking;
			sourceTree = "<group>";
		};
		34DE19331DC2AF5900D64C5B = {
			isa = PBXGroup;
			children = (
				34DE19651DC2B03F00D64C5B /* iOS */,
				34DE198C1DC2B1F300D64C5B /* Shared */,
				34DE19991DC2B1F300D64C5B /* SharedTests */,
				34DE19641DC2B03F00D64C5B /* Products */,
			);
			sourceTree = "<group>";
		};
		34DE19641DC2B03F00D64C5B /* Products */ = {
			isa = PBXGroup;
			children = (
				34DE19631DC2B03F00D64C5B /* iOS.app */,
				34DE198B1DC2B1F300D64C5B /* Shared.framework */,
				34DE19931DC2B1F300D64C5B /* SharedTests.xctest */,
			);
			name = Products;
			sourceTree = "<group>";
		};
		34DE19651DC2B03F00D64C5B /* iOS */ = {
			isa = PBXGroup;
			children = (
				34DE19851DC2B13700D64C5B /* Base */,
				34FF87741DC423D000D57587 /* Presenters */,
				34FF87701DC41EEA00D57587 /* Routers */,
				34FF87681DC41E2200D57587 /* ViewControllers */,
				34FF87671DC41E1E00D57587 /* Views */,
			);
			path = iOS;
			sourceTree = "<group>";
		};
		34DE19851DC2B13700D64C5B /* Base */ = {
			isa = PBXGroup;
			children = (
				34DE19661DC2B03F00D64C5B /* AppDelegate.swift */,
				34DE196D1DC2B03F00D64C5B /* Assets.xcassets */,
				34DE19721DC2B03F00D64C5B /* Info.plist */,
				34DE196F1DC2B03F00D64C5B /* LaunchScreen.storyboard */,
			);
			path = Base;
			sourceTree = "<group>";
		};
		34DE198C1DC2B1F300D64C5B /* Shared */ = {
			isa = PBXGroup;
			children = (
				34DE19A91DC2B1FC00D64C5B /* Base */,
				34DE19AE1DC2B9B400D64C5B /* Entities */,
				34FF87641DC41BDF00D57587 /* Factories */,
				346110651DC2C66000E02118 /* Gateways */,
				3461105A1DC2C1A000E02118 /* Interactors */,
				3461106C1DC2C8D800E02118 /* Networking */,
				3461105D1DC2C1DE00E02118 /* Presenters */,
				34FF876D1DC41E8800D57587 /* Routers */,
			);
			path = Shared;
			sourceTree = "<group>";
		};
		34DE19991DC2B1F300D64C5B /* SharedTests */ = {
			isa = PBXGroup;
			children = (
				34DE19AA1DC2B20400D64C5B /* Base */,
				34DE19B51DC2BCB300D64C5B /* Interactors */,
				346110601DC2C26F00E02118 /* Mocks */,
			);
			path = SharedTests;
			sourceTree = "<group>";
		};
		34DE19A91DC2B1FC00D64C5B /* Base */ = {
			isa = PBXGroup;
			children = (
				34DE198E1DC2B1F300D64C5B /* Info.plist */,
				34DE198D1DC2B1F300D64C5B /* Shared.h */,
			);
			path = Base;
			sourceTree = "<group>";
		};
		34DE19AA1DC2B20400D64C5B /* Base */ = {
			isa = PBXGroup;
			children = (
				34DE199C1DC2B1F300D64C5B /* Info.plist */,
			);
			path = Base;
			sourceTree = "<group>";
		};
		34DE19AE1DC2B9B400D64C5B /* Entities */ = {
			isa = PBXGroup;
			children = (
				34DE19B31DC2BBB200D64C5B /* PullRequest.swift */,
				34DE19B11DC2B9E400D64C5B /* Repository.swift */,
				34DE19AF1DC2B9C700D64C5B /* User.swift */,
			);
			path = Entities;
			sourceTree = "<group>";
		};
		34DE19B51DC2BCB300D64C5B /* Interactors */ = {
			isa = PBXGroup;
			children = (
				346110581DC2BE8E00E02118 /* ListRepositoriesInteractorTests.swift */,
				34C176BB1DC56541001D9528 /* GetUserAvatarInteractorTests.swift */,
			);
			path = Interactors;
			sourceTree = "<group>";
		};
		34FF875F1DC4121500D57587 /* Errors */ = {
			isa = PBXGroup;
			children = (
				34FF87601DC4121F00D57587 /* ErrorFake.swift */,
			);
			path = Errors;
			sourceTree = "<group>";
		};
		34FF87641DC41BDF00D57587 /* Factories */ = {
			isa = PBXGroup;
			children = (
				34FF87651DC41BF500D57587 /* ListRepositoriesInteractorFactory.swift */,
				34C176BF1DC567EA001D9528 /* GetUserAvatarInteractorFactory.swift */,
			);
			path = Factories;
			sourceTree = "<group>";
		};
		34FF87671DC41E1E00D57587 /* Views */ = {
			isa = PBXGroup;
			children = (
				34FF876A1DC41E5500D57587 /* ListRepositoriesViewController.xib */,
				34FF87791DC4262B00D57587 /* RepositoryTableViewCell.swift */,
				34FF877A1DC4262B00D57587 /* RepositoryTableViewCell.xib */,
				34C176B31DC5069F001D9528 /* UIView+IBInspectable.swift */,
			);
			path = Views;
			sourceTree = "<group>";
		};
		34FF87681DC41E2200D57587 /* ViewControllers */ = {
			isa = PBXGroup;
			children = (
				34FF87771DC4243A00D57587 /* ListRepositoriesDataSource.swift */,
				34FF87691DC41E5500D57587 /* ListRepositoriesViewController.swift */,
			);
			path = ViewControllers;
			sourceTree = "<group>";
		};
		34FF876D1DC41E8800D57587 /* Routers */ = {
			isa = PBXGroup;
			children = (
				34FF876E1DC41E9C00D57587 /* RepositoriesRouter.swift */,
			);
			path = Routers;
			sourceTree = "<group>";
		};
		34FF87701DC41EEA00D57587 /* Routers */ = {
			isa = PBXGroup;
			children = (
				34FF87721DC41F5700D57587 /* RepositoriesRouterNavigation.swift */,
			);
			path = Routers;
			sourceTree = "<group>";
		};
		34FF87741DC423D000D57587 /* Presenters */ = {
			isa = PBXGroup;
			children = (
				34FF87751DC423DD00D57587 /* ListRepositoriesPresenteriOS.swift */,
				34C176C11DC569D9001D9528 /* GetUserAvatarPresenteriOS.swift */,
			);
			path = Presenters;
			sourceTree = "<group>";
		};
/* End PBXGroup section */

/* Begin PBXHeadersBuildPhase section */
		34DE19881DC2B1F300D64C5B /* Headers */ = {
			isa = PBXHeadersBuildPhase;
			buildActionMask = 2147483647;
			files = (
				34DE199D1DC2B1F300D64C5B /* Shared.h in Headers */,
			);
			runOnlyForDeploymentPostprocessing = 0;
		};
/* End PBXHeadersBuildPhase section */

/* Begin PBXNativeTarget section */
		34DE19621DC2B03F00D64C5B /* iOS */ = {
			isa = PBXNativeTarget;
			buildConfigurationList = 34DE19821DC2B03F00D64C5B /* Build configuration list for PBXNativeTarget "iOS" */;
			buildPhases = (
				34DE195F1DC2B03F00D64C5B /* Sources */,
				34DE19601DC2B03F00D64C5B /* Frameworks */,
				34DE19611DC2B03F00D64C5B /* Resources */,
				34DE19841DC2B0DA00D64C5B /* Swift Lint */,
				34DE19A11DC2B1F300D64C5B /* Embed Frameworks */,
			);
			buildRules = (
			);
			dependencies = (
				34DE199F1DC2B1F300D64C5B /* PBXTargetDependency */,
			);
			name = iOS;
			productName = iOS;
			productReference = 34DE19631DC2B03F00D64C5B /* iOS.app */;
			productType = "com.apple.product-type.application";
		};
		34DE198A1DC2B1F300D64C5B /* Shared */ = {
			isa = PBXNativeTarget;
			buildConfigurationList = 34DE19A31DC2B1F300D64C5B /* Build configuration list for PBXNativeTarget "Shared" */;
			buildPhases = (
				34DE19861DC2B1F300D64C5B /* Sources */,
				34DE19871DC2B1F300D64C5B /* Frameworks */,
				34DE19881DC2B1F300D64C5B /* Headers */,
				34DE19891DC2B1F300D64C5B /* Resources */,
			);
			buildRules = (
			);
			dependencies = (
			);
			name = Shared;
			productName = Shared;
			productReference = 34DE198B1DC2B1F300D64C5B /* Shared.framework */;
			productType = "com.apple.product-type.framework";
		};
		34DE19921DC2B1F300D64C5B /* SharedTests */ = {
			isa = PBXNativeTarget;
			buildConfigurationList = 34DE19A61DC2B1F300D64C5B /* Build configuration list for PBXNativeTarget "SharedTests" */;
			buildPhases = (
				34DE198F1DC2B1F300D64C5B /* Sources */,
				34DE19901DC2B1F300D64C5B /* Frameworks */,
				34DE19911DC2B1F300D64C5B /* Resources */,
			);
			buildRules = (
			);
			dependencies = (
				34DE19961DC2B1F300D64C5B /* PBXTargetDependency */,
				34DE19981DC2B1F300D64C5B /* PBXTargetDependency */,
			);
			name = SharedTests;
			productName = SharedTests;
			productReference = 34DE19931DC2B1F300D64C5B /* SharedTests.xctest */;
			productType = "com.apple.product-type.bundle.unit-test";
		};
/* End PBXNativeTarget section */

/* Begin PBXProject section */
		34DE19341DC2AF5900D64C5B /* Project object */ = {
			isa = PBXProject;
			attributes = {
				LastSwiftUpdateCheck = 0810;
				LastUpgradeCheck = 0810;
				TargetAttributes = {
					34DE19621DC2B03F00D64C5B = {
						CreatedOnToolsVersion = 8.1;
						DevelopmentTeam = 2729VXDM4D;
						ProvisioningStyle = Automatic;
					};
					34DE198A1DC2B1F300D64C5B = {
						CreatedOnToolsVersion = 8.1;
						DevelopmentTeam = 2729VXDM4D;
						ProvisioningStyle = Automatic;
					};
					34DE19921DC2B1F300D64C5B = {
						CreatedOnToolsVersion = 8.1;
						DevelopmentTeam = 2729VXDM4D;
						LastSwiftMigration = 0810;
						ProvisioningStyle = Automatic;
						TestTargetID = 34DE19621DC2B03F00D64C5B;
					};
				};
			};
			buildConfigurationList = 34DE19371DC2AF5900D64C5B /* Build configuration list for PBXProject "Repos" */;
			compatibilityVersion = "Xcode 3.2";
			developmentRegion = English;
			hasScannedForEncodings = 0;
			knownRegions = (
				en,
				Base,
			);
			mainGroup = 34DE19331DC2AF5900D64C5B;
			productRefGroup = 34DE19641DC2B03F00D64C5B /* Products */;
			projectDirPath = "";
			projectRoot = "";
			targets = (
				34DE19621DC2B03F00D64C5B /* iOS */,
				34DE198A1DC2B1F300D64C5B /* Shared */,
				34DE19921DC2B1F300D64C5B /* SharedTests */,
			);
		};
/* End PBXProject section */

/* Begin PBXResourcesBuildPhase section */
		34DE19611DC2B03F00D64C5B /* Resources */ = {
			isa = PBXResourcesBuildPhase;
			buildActionMask = 2147483647;
			files = (
				34FF876C1DC41E5500D57587 /* ListRepositoriesViewController.xib in Resources */,
				34DE19711DC2B03F00D64C5B /* LaunchScreen.storyboard in Resources */,
				34DE196E1DC2B03F00D64C5B /* Assets.xcassets in Resources */,
				34FF877C1DC4262B00D57587 /* RepositoryTableViewCell.xib in Resources */,
			);
			runOnlyForDeploymentPostprocessing = 0;
		};
		34DE19891DC2B1F300D64C5B /* Resources */ = {
			isa = PBXResourcesBuildPhase;
			buildActionMask = 2147483647;
			files = (
			);
			runOnlyForDeploymentPostprocessing = 0;
		};
		34DE19911DC2B1F300D64C5B /* Resources */ = {
			isa = PBXResourcesBuildPhase;
			buildActionMask = 2147483647;
			files = (
			);
			runOnlyForDeploymentPostprocessing = 0;
		};
/* End PBXResourcesBuildPhase section */

/* Begin PBXShellScriptBuildPhase section */
		34DE19841DC2B0DA00D64C5B /* Swift Lint */ = {
			isa = PBXShellScriptBuildPhase;
			buildActionMask = 2147483647;
			files = (
			);
			inputPaths = (
			);
			name = "Swift Lint";
			outputPaths = (
			);
			runOnlyForDeploymentPostprocessing = 0;
			shellPath = /bin/sh;
			shellScript = "if which swiftlint >/dev/null; then\n  swiftlint autocorrect\nelse\n  echo \"Install SwiftLint: https://github.com/realm/SwiftLint\"\nfi";
		};
/* End PBXShellScriptBuildPhase section */

/* Begin PBXSourcesBuildPhase section */
		34DE195F1DC2B03F00D64C5B /* Sources */ = {
			isa = PBXSourcesBuildPhase;
			buildActionMask = 2147483647;
			files = (
				34FF87761DC423DD00D57587 /* ListRepositoriesPresenteriOS.swift in Sources */,
				34FF876B1DC41E5500D57587 /* ListRepositoriesViewController.swift in Sources */,
				34FF87781DC4243A00D57587 /* ListRepositoriesDataSource.swift in Sources */,
				34C176C21DC569D9001D9528 /* GetUserAvatarPresenteriOS.swift in Sources */,
				34C176B41DC5069F001D9528 /* UIView+IBInspectable.swift in Sources */,
				34FF877B1DC4262B00D57587 /* RepositoryTableViewCell.swift in Sources */,
				34DE19671DC2B03F00D64C5B /* AppDelegate.swift in Sources */,
				34FF87731DC41F5700D57587 /* RepositoriesRouterNavigation.swift in Sources */,
			);
			runOnlyForDeploymentPostprocessing = 0;
		};
		34DE19861DC2B1F300D64C5B /* Sources */ = {
			isa = PBXSourcesBuildPhase;
			buildActionMask = 2147483647;
			files = (
				3461105F1DC2C1EC00E02118 /* ListRepositoriesPresenter.swift in Sources */,
				346110711DC2C8FA00E02118 /* Resource.swift in Sources */,
				3461105C1DC2C1C700E02118 /* ListRepositoriesInteractor.swift in Sources */,
				3461106F1DC2C8EA00E02118 /* WebService.swift in Sources */,
				34C176BA1DC56415001D9528 /* GetUserAvatarPresenter.swift in Sources */,
				34C176B61DC5164F001D9528 /* GetUserAvatarInteractor.swift in Sources */,
				34C176C01DC567EA001D9528 /* GetUserAvatarInteractorFactory.swift in Sources */,
				34C176B81DC53C47001D9528 /* UserGateway.swift in Sources */,
				34DE19B41DC2BBB200D64C5B /* PullRequest.swift in Sources */,
				34DE19B01DC2B9C700D64C5B /* User.swift in Sources */,
				34FF876F1DC41E9C00D57587 /* RepositoriesRouter.swift in Sources */,
				346110681DC2C67000E02118 /* RepositoriesGateway.swift in Sources */,
				34FF87661DC41BF500D57587 /* ListRepositoriesInteractorFactory.swift in Sources */,
				34DE19B21DC2B9E400D64C5B /* Repository.swift in Sources */,
			);
			runOnlyForDeploymentPostprocessing = 0;
		};
		34DE198F1DC2B1F300D64C5B /* Sources */ = {
			isa = PBXSourcesBuildPhase;
			buildActionMask = 2147483647;
			files = (
				34FF87611DC4121F00D57587 /* ErrorFake.swift in Sources */,
				346110591DC2BE8E00E02118 /* ListRepositoriesInteractorTests.swift in Sources */,
				346110741DC2CE6800E02118 /* WebServiceFake.swift in Sources */,
				34C176BC1DC56541001D9528 /* GetUserAvatarInteractorTests.swift in Sources */,
				346110641DC2C29600E02118 /* ListRepositoriesPresenterFake.swift in Sources */,
				34C176BE1DC565B7001D9528 /* GetUserAvatarPresenterFakeFake.swift in Sources */,
			);
			runOnlyForDeploymentPostprocessing = 0;
		};
/* End PBXSourcesBuildPhase section */

/* Begin PBXTargetDependency section */
		34DE19961DC2B1F300D64C5B /* PBXTargetDependency */ = {
			isa = PBXTargetDependency;
			target = 34DE198A1DC2B1F300D64C5B /* Shared */;
			targetProxy = 34DE19951DC2B1F300D64C5B /* PBXContainerItemProxy */;
		};
		34DE19981DC2B1F300D64C5B /* PBXTargetDependency */ = {
			isa = PBXTargetDependency;
			target = 34DE19621DC2B03F00D64C5B /* iOS */;
			targetProxy = 34DE19971DC2B1F300D64C5B /* PBXContainerItemProxy */;
		};
		34DE199F1DC2B1F300D64C5B /* PBXTargetDependency */ = {
			isa = PBXTargetDependency;
			target = 34DE198A1DC2B1F300D64C5B /* Shared */;
			targetProxy = 34DE199E1DC2B1F300D64C5B /* PBXContainerItemProxy */;
		};
/* End PBXTargetDependency section */

/* Begin PBXVariantGroup section */
		34DE196F1DC2B03F00D64C5B /* LaunchScreen.storyboard */ = {
			isa = PBXVariantGroup;
			children = (
				34DE19701DC2B03F00D64C5B /* Base */,
			);
			name = LaunchScreen.storyboard;
			path = .;
			sourceTree = "<group>";
		};
/* End PBXVariantGroup section */

/* Begin XCBuildConfiguration section */
		34DE19381DC2AF5900D64C5B /* Debug */ = {
			isa = XCBuildConfiguration;
			buildSettings = {
			};
			name = Debug;
		};
		34DE19391DC2AF5900D64C5B /* Release */ = {
			isa = XCBuildConfiguration;
			buildSettings = {
			};
			name = Release;
		};
		34DE197E1DC2B03F00D64C5B /* Debug */ = {
			isa = XCBuildConfiguration;
			buildSettings = {
				ALWAYS_EMBED_SWIFT_STANDARD_LIBRARIES = YES;
				ALWAYS_SEARCH_USER_PATHS = NO;
				ASSETCATALOG_COMPILER_APPICON_NAME = AppIcon;
				CLANG_ANALYZER_NONNULL = YES;
				CLANG_CXX_LANGUAGE_STANDARD = "gnu++0x";
				CLANG_CXX_LIBRARY = "libc++";
				CLANG_ENABLE_MODULES = YES;
				CLANG_ENABLE_OBJC_ARC = YES;
				CLANG_WARN_BOOL_CONVERSION = YES;
				CLANG_WARN_CONSTANT_CONVERSION = YES;
				CLANG_WARN_DIRECT_OBJC_ISA_USAGE = YES_ERROR;
				CLANG_WARN_DOCUMENTATION_COMMENTS = YES;
				CLANG_WARN_EMPTY_BODY = YES;
				CLANG_WARN_ENUM_CONVERSION = YES;
				CLANG_WARN_INFINITE_RECURSION = YES;
				CLANG_WARN_INT_CONVERSION = YES;
				CLANG_WARN_OBJC_ROOT_CLASS = YES_ERROR;
				CLANG_WARN_SUSPICIOUS_MOVES = YES;
				CLANG_WARN_UNREACHABLE_CODE = YES;
				CLANG_WARN__DUPLICATE_METHOD_MATCH = YES;
				"CODE_SIGN_IDENTITY[sdk=iphoneos*]" = "iPhone Developer";
				COPY_PHASE_STRIP = NO;
				DEBUG_INFORMATION_FORMAT = dwarf;
				DEVELOPMENT_TEAM = 2729VXDM4D;
				ENABLE_STRICT_OBJC_MSGSEND = YES;
				ENABLE_TESTABILITY = YES;
				GCC_C_LANGUAGE_STANDARD = gnu99;
				GCC_DYNAMIC_NO_PIC = NO;
				GCC_NO_COMMON_BLOCKS = YES;
				GCC_OPTIMIZATION_LEVEL = 0;
				GCC_PREPROCESSOR_DEFINITIONS = (
					"DEBUG=1",
					"$(inherited)",
				);
				GCC_WARN_64_TO_32_BIT_CONVERSION = YES;
				GCC_WARN_ABOUT_RETURN_TYPE = YES_ERROR;
				GCC_WARN_UNDECLARED_SELECTOR = YES;
				GCC_WARN_UNINITIALIZED_AUTOS = YES_AGGRESSIVE;
				GCC_WARN_UNUSED_FUNCTION = YES;
				GCC_WARN_UNUSED_VARIABLE = YES;
				INFOPLIST_FILE = iOS/Base/Info.plist;
				IPHONEOS_DEPLOYMENT_TARGET = 10.1;
				LD_RUNPATH_SEARCH_PATHS = "$(inherited) @executable_path/Frameworks";
				MTL_ENABLE_DEBUG_INFO = YES;
				ONLY_ACTIVE_ARCH = YES;
				PRODUCT_BUNDLE_IDENTIFIER = io.github.ronanrodrigo.repos.iOS;
				PRODUCT_NAME = "$(TARGET_NAME)";
				SDKROOT = iphoneos;
				SWIFT_ACTIVE_COMPILATION_CONDITIONS = DEBUG;
				SWIFT_OPTIMIZATION_LEVEL = "-Onone";
				SWIFT_VERSION = 3.0;
				TARGETED_DEVICE_FAMILY = "1,2";
			};
			name = Debug;
		};
		34DE197F1DC2B03F00D64C5B /* Release */ = {
			isa = XCBuildConfiguration;
			buildSettings = {
				ALWAYS_EMBED_SWIFT_STANDARD_LIBRARIES = YES;
				ALWAYS_SEARCH_USER_PATHS = NO;
				ASSETCATALOG_COMPILER_APPICON_NAME = AppIcon;
				CLANG_ANALYZER_NONNULL = YES;
				CLANG_CXX_LANGUAGE_STANDARD = "gnu++0x";
				CLANG_CXX_LIBRARY = "libc++";
				CLANG_ENABLE_MODULES = YES;
				CLANG_ENABLE_OBJC_ARC = YES;
				CLANG_WARN_BOOL_CONVERSION = YES;
				CLANG_WARN_CONSTANT_CONVERSION = YES;
				CLANG_WARN_DIRECT_OBJC_ISA_USAGE = YES_ERROR;
				CLANG_WARN_DOCUMENTATION_COMMENTS = YES;
				CLANG_WARN_EMPTY_BODY = YES;
				CLANG_WARN_ENUM_CONVERSION = YES;
				CLANG_WARN_INFINITE_RECURSION = YES;
				CLANG_WARN_INT_CONVERSION = YES;
				CLANG_WARN_OBJC_ROOT_CLASS = YES_ERROR;
				CLANG_WARN_SUSPICIOUS_MOVES = YES;
				CLANG_WARN_UNREACHABLE_CODE = YES;
				CLANG_WARN__DUPLICATE_METHOD_MATCH = YES;
				"CODE_SIGN_IDENTITY[sdk=iphoneos*]" = "iPhone Developer";
				COPY_PHASE_STRIP = NO;
				DEBUG_INFORMATION_FORMAT = "dwarf-with-dsym";
				DEVELOPMENT_TEAM = 2729VXDM4D;
				ENABLE_NS_ASSERTIONS = NO;
				ENABLE_STRICT_OBJC_MSGSEND = YES;
				GCC_C_LANGUAGE_STANDARD = gnu99;
				GCC_NO_COMMON_BLOCKS = YES;
				GCC_WARN_64_TO_32_BIT_CONVERSION = YES;
				GCC_WARN_ABOUT_RETURN_TYPE = YES_ERROR;
				GCC_WARN_UNDECLARED_SELECTOR = YES;
				GCC_WARN_UNINITIALIZED_AUTOS = YES_AGGRESSIVE;
				GCC_WARN_UNUSED_FUNCTION = YES;
				GCC_WARN_UNUSED_VARIABLE = YES;
				INFOPLIST_FILE = iOS/Base/Info.plist;
				IPHONEOS_DEPLOYMENT_TARGET = 10.1;
				LD_RUNPATH_SEARCH_PATHS = "$(inherited) @executable_path/Frameworks";
				MTL_ENABLE_DEBUG_INFO = NO;
				PRODUCT_BUNDLE_IDENTIFIER = io.github.ronanrodrigo.repos.iOS;
				PRODUCT_NAME = "$(TARGET_NAME)";
				SDKROOT = iphoneos;
				SWIFT_OPTIMIZATION_LEVEL = "-Owholemodule";
				SWIFT_VERSION = 3.0;
				TARGETED_DEVICE_FAMILY = "1,2";
				VALIDATE_PRODUCT = YES;
			};
			name = Release;
		};
		34DE19A41DC2B1F300D64C5B /* Debug */ = {
			isa = XCBuildConfiguration;
			buildSettings = {
				ALWAYS_SEARCH_USER_PATHS = NO;
				CLANG_ANALYZER_NONNULL = YES;
				CLANG_CXX_LANGUAGE_STANDARD = "gnu++0x";
				CLANG_CXX_LIBRARY = "libc++";
				CLANG_ENABLE_MODULES = YES;
				CLANG_ENABLE_OBJC_ARC = YES;
				CLANG_WARN_BOOL_CONVERSION = YES;
				CLANG_WARN_CONSTANT_CONVERSION = YES;
				CLANG_WARN_DIRECT_OBJC_ISA_USAGE = YES_ERROR;
				CLANG_WARN_DOCUMENTATION_COMMENTS = YES;
				CLANG_WARN_EMPTY_BODY = YES;
				CLANG_WARN_ENUM_CONVERSION = YES;
				CLANG_WARN_INFINITE_RECURSION = YES;
				CLANG_WARN_INT_CONVERSION = YES;
				CLANG_WARN_OBJC_ROOT_CLASS = YES_ERROR;
				CLANG_WARN_SUSPICIOUS_MOVES = YES;
				CLANG_WARN_UNREACHABLE_CODE = YES;
				CLANG_WARN__DUPLICATE_METHOD_MATCH = YES;
				CODE_SIGN_IDENTITY = "";
				"CODE_SIGN_IDENTITY[sdk=iphoneos*]" = "iPhone Developer";
				COPY_PHASE_STRIP = NO;
				CURRENT_PROJECT_VERSION = 1;
				DEBUG_INFORMATION_FORMAT = dwarf;
				DEFINES_MODULE = YES;
				DEVELOPMENT_TEAM = 2729VXDM4D;
				DYLIB_COMPATIBILITY_VERSION = 1;
				DYLIB_CURRENT_VERSION = 1;
				DYLIB_INSTALL_NAME_BASE = "@rpath";
				ENABLE_STRICT_OBJC_MSGSEND = YES;
				ENABLE_TESTABILITY = YES;
				GCC_C_LANGUAGE_STANDARD = gnu99;
				GCC_DYNAMIC_NO_PIC = NO;
				GCC_NO_COMMON_BLOCKS = YES;
				GCC_OPTIMIZATION_LEVEL = 0;
				GCC_PREPROCESSOR_DEFINITIONS = (
					"DEBUG=1",
					"$(inherited)",
				);
				GCC_WARN_64_TO_32_BIT_CONVERSION = YES;
				GCC_WARN_ABOUT_RETURN_TYPE = YES_ERROR;
				GCC_WARN_UNDECLARED_SELECTOR = YES;
				GCC_WARN_UNINITIALIZED_AUTOS = YES_AGGRESSIVE;
				GCC_WARN_UNUSED_FUNCTION = YES;
				GCC_WARN_UNUSED_VARIABLE = YES;
				INFOPLIST_FILE = Shared/Base/Info.plist;
				INSTALL_PATH = "$(LOCAL_LIBRARY_DIR)/Frameworks";
				IPHONEOS_DEPLOYMENT_TARGET = 10.1;
				LD_RUNPATH_SEARCH_PATHS = "$(inherited) @executable_path/Frameworks @loader_path/Frameworks";
				MTL_ENABLE_DEBUG_INFO = YES;
				ONLY_ACTIVE_ARCH = YES;
				PRODUCT_BUNDLE_IDENTIFIER = io.github.ronanrodrigo.repos.Shared;
				PRODUCT_NAME = "$(TARGET_NAME)";
				SDKROOT = iphoneos;
				SKIP_INSTALL = YES;
				SWIFT_ACTIVE_COMPILATION_CONDITIONS = DEBUG;
				SWIFT_OPTIMIZATION_LEVEL = "-Onone";
				SWIFT_VERSION = 3.0;
				TARGETED_DEVICE_FAMILY = "1,2";
				VERSIONING_SYSTEM = "apple-generic";
				VERSION_INFO_PREFIX = "";
			};
			name = Debug;
		};
		34DE19A51DC2B1F300D64C5B /* Release */ = {
			isa = XCBuildConfiguration;
			buildSettings = {
				ALWAYS_SEARCH_USER_PATHS = NO;
				CLANG_ANALYZER_NONNULL = YES;
				CLANG_CXX_LANGUAGE_STANDARD = "gnu++0x";
				CLANG_CXX_LIBRARY = "libc++";
				CLANG_ENABLE_MODULES = YES;
				CLANG_ENABLE_OBJC_ARC = YES;
				CLANG_WARN_BOOL_CONVERSION = YES;
				CLANG_WARN_CONSTANT_CONVERSION = YES;
				CLANG_WARN_DIRECT_OBJC_ISA_USAGE = YES_ERROR;
				CLANG_WARN_DOCUMENTATION_COMMENTS = YES;
				CLANG_WARN_EMPTY_BODY = YES;
				CLANG_WARN_ENUM_CONVERSION = YES;
				CLANG_WARN_INFINITE_RECURSION = YES;
				CLANG_WARN_INT_CONVERSION = YES;
				CLANG_WARN_OBJC_ROOT_CLASS = YES_ERROR;
				CLANG_WARN_SUSPICIOUS_MOVES = YES;
				CLANG_WARN_UNREACHABLE_CODE = YES;
				CLANG_WARN__DUPLICATE_METHOD_MATCH = YES;
				CODE_SIGN_IDENTITY = "";
				"CODE_SIGN_IDENTITY[sdk=iphoneos*]" = "iPhone Developer";
				COPY_PHASE_STRIP = NO;
				CURRENT_PROJECT_VERSION = 1;
				DEBUG_INFORMATION_FORMAT = "dwarf-with-dsym";
				DEFINES_MODULE = YES;
				DEVELOPMENT_TEAM = 2729VXDM4D;
				DYLIB_COMPATIBILITY_VERSION = 1;
				DYLIB_CURRENT_VERSION = 1;
				DYLIB_INSTALL_NAME_BASE = "@rpath";
				ENABLE_NS_ASSERTIONS = NO;
				ENABLE_STRICT_OBJC_MSGSEND = YES;
				GCC_C_LANGUAGE_STANDARD = gnu99;
				GCC_NO_COMMON_BLOCKS = YES;
				GCC_WARN_64_TO_32_BIT_CONVERSION = YES;
				GCC_WARN_ABOUT_RETURN_TYPE = YES_ERROR;
				GCC_WARN_UNDECLARED_SELECTOR = YES;
				GCC_WARN_UNINITIALIZED_AUTOS = YES_AGGRESSIVE;
				GCC_WARN_UNUSED_FUNCTION = YES;
				GCC_WARN_UNUSED_VARIABLE = YES;
				INFOPLIST_FILE = Shared/Base/Info.plist;
				INSTALL_PATH = "$(LOCAL_LIBRARY_DIR)/Frameworks";
				IPHONEOS_DEPLOYMENT_TARGET = 10.1;
				LD_RUNPATH_SEARCH_PATHS = "$(inherited) @executable_path/Frameworks @loader_path/Frameworks";
				MTL_ENABLE_DEBUG_INFO = NO;
				PRODUCT_BUNDLE_IDENTIFIER = io.github.ronanrodrigo.repos.Shared;
				PRODUCT_NAME = "$(TARGET_NAME)";
				SDKROOT = iphoneos;
				SKIP_INSTALL = YES;
				SWIFT_OPTIMIZATION_LEVEL = "-Owholemodule";
				SWIFT_VERSION = 3.0;
				TARGETED_DEVICE_FAMILY = "1,2";
				VALIDATE_PRODUCT = YES;
				VERSIONING_SYSTEM = "apple-generic";
				VERSION_INFO_PREFIX = "";
			};
			name = Release;
		};
		34DE19A71DC2B1F300D64C5B /* Debug */ = {
			isa = XCBuildConfiguration;
			buildSettings = {
				ALWAYS_EMBED_SWIFT_STANDARD_LIBRARIES = YES;
				ALWAYS_SEARCH_USER_PATHS = NO;
				CLANG_ANALYZER_NONNULL = YES;
				CLANG_CXX_LANGUAGE_STANDARD = "gnu++0x";
				CLANG_CXX_LIBRARY = "libc++";
				CLANG_ENABLE_MODULES = YES;
				CLANG_ENABLE_OBJC_ARC = YES;
				CLANG_WARN_BOOL_CONVERSION = YES;
				CLANG_WARN_CONSTANT_CONVERSION = YES;
				CLANG_WARN_DIRECT_OBJC_ISA_USAGE = YES_ERROR;
				CLANG_WARN_DOCUMENTATION_COMMENTS = YES;
				CLANG_WARN_EMPTY_BODY = YES;
				CLANG_WARN_ENUM_CONVERSION = YES;
				CLANG_WARN_INFINITE_RECURSION = YES;
				CLANG_WARN_INT_CONVERSION = YES;
				CLANG_WARN_OBJC_ROOT_CLASS = YES_ERROR;
				CLANG_WARN_SUSPICIOUS_MOVES = YES;
				CLANG_WARN_UNREACHABLE_CODE = YES;
				CLANG_WARN__DUPLICATE_METHOD_MATCH = YES;
				"CODE_SIGN_IDENTITY[sdk=iphoneos*]" = "iPhone Developer";
				COPY_PHASE_STRIP = NO;
				DEBUG_INFORMATION_FORMAT = dwarf;
				DEVELOPMENT_TEAM = 2729VXDM4D;
				ENABLE_STRICT_OBJC_MSGSEND = YES;
				ENABLE_TESTABILITY = YES;
				GCC_C_LANGUAGE_STANDARD = gnu99;
				GCC_DYNAMIC_NO_PIC = NO;
				GCC_NO_COMMON_BLOCKS = YES;
				GCC_OPTIMIZATION_LEVEL = 0;
				GCC_PREPROCESSOR_DEFINITIONS = (
					"DEBUG=1",
					"$(inherited)",
				);
				GCC_WARN_64_TO_32_BIT_CONVERSION = YES;
				GCC_WARN_ABOUT_RETURN_TYPE = YES_ERROR;
				GCC_WARN_UNDECLARED_SELECTOR = YES;
				GCC_WARN_UNINITIALIZED_AUTOS = YES_AGGRESSIVE;
				GCC_WARN_UNUSED_FUNCTION = YES;
				GCC_WARN_UNUSED_VARIABLE = YES;
				INFOPLIST_FILE = SharedTests/Base/Info.plist;
				IPHONEOS_DEPLOYMENT_TARGET = 10.1;
				LD_RUNPATH_SEARCH_PATHS = "$(inherited) @executable_path/Frameworks @loader_path/Frameworks";
				MTL_ENABLE_DEBUG_INFO = YES;
				ONLY_ACTIVE_ARCH = YES;
				PRODUCT_BUNDLE_IDENTIFIER = io.github.ronanrodrigo.repos.SharedTests;
				PRODUCT_NAME = "$(TARGET_NAME)";
				SDKROOT = iphoneos;
				SWIFT_ACTIVE_COMPILATION_CONDITIONS = DEBUG;
				SWIFT_OPTIMIZATION_LEVEL = "-Onone";
				SWIFT_VERSION = 3.0;
				TEST_HOST = "$(BUILT_PRODUCTS_DIR)/iOS.app/iOS";
			};
			name = Debug;
		};
		34DE19A81DC2B1F300D64C5B /* Release */ = {
			isa = XCBuildConfiguration;
			buildSettings = {
				ALWAYS_EMBED_SWIFT_STANDARD_LIBRARIES = YES;
				ALWAYS_SEARCH_USER_PATHS = NO;
				CLANG_ANALYZER_NONNULL = YES;
				CLANG_CXX_LANGUAGE_STANDARD = "gnu++0x";
				CLANG_CXX_LIBRARY = "libc++";
				CLANG_ENABLE_MODULES = YES;
				CLANG_ENABLE_OBJC_ARC = YES;
				CLANG_WARN_BOOL_CONVERSION = YES;
				CLANG_WARN_CONSTANT_CONVERSION = YES;
				CLANG_WARN_DIRECT_OBJC_ISA_USAGE = YES_ERROR;
				CLANG_WARN_DOCUMENTATION_COMMENTS = YES;
				CLANG_WARN_EMPTY_BODY = YES;
				CLANG_WARN_ENUM_CONVERSION = YES;
				CLANG_WARN_INFINITE_RECURSION = YES;
				CLANG_WARN_INT_CONVERSION = YES;
				CLANG_WARN_OBJC_ROOT_CLASS = YES_ERROR;
				CLANG_WARN_SUSPICIOUS_MOVES = YES;
				CLANG_WARN_UNREACHABLE_CODE = YES;
				CLANG_WARN__DUPLICATE_METHOD_MATCH = YES;
				"CODE_SIGN_IDENTITY[sdk=iphoneos*]" = "iPhone Developer";
				COPY_PHASE_STRIP = NO;
				DEBUG_INFORMATION_FORMAT = "dwarf-with-dsym";
				DEVELOPMENT_TEAM = 2729VXDM4D;
				ENABLE_NS_ASSERTIONS = NO;
				ENABLE_STRICT_OBJC_MSGSEND = YES;
				GCC_C_LANGUAGE_STANDARD = gnu99;
				GCC_NO_COMMON_BLOCKS = YES;
				GCC_WARN_64_TO_32_BIT_CONVERSION = YES;
				GCC_WARN_ABOUT_RETURN_TYPE = YES_ERROR;
				GCC_WARN_UNDECLARED_SELECTOR = YES;
				GCC_WARN_UNINITIALIZED_AUTOS = YES_AGGRESSIVE;
				GCC_WARN_UNUSED_FUNCTION = YES;
				GCC_WARN_UNUSED_VARIABLE = YES;
				INFOPLIST_FILE = SharedTests/Base/Info.plist;
				IPHONEOS_DEPLOYMENT_TARGET = 10.1;
				LD_RUNPATH_SEARCH_PATHS = "$(inherited) @executable_path/Frameworks @loader_path/Frameworks";
				MTL_ENABLE_DEBUG_INFO = NO;
				PRODUCT_BUNDLE_IDENTIFIER = io.github.ronanrodrigo.repos.SharedTests;
				PRODUCT_NAME = "$(TARGET_NAME)";
				SDKROOT = iphoneos;
				SWIFT_OPTIMIZATION_LEVEL = "-Owholemodule";
				SWIFT_VERSION = 3.0;
				TEST_HOST = "$(BUILT_PRODUCTS_DIR)/iOS.app/iOS";
				VALIDATE_PRODUCT = YES;
			};
			name = Release;
		};
/* End XCBuildConfiguration section */

/* Begin XCConfigurationList section */
		34DE19371DC2AF5900D64C5B /* Build configuration list for PBXProject "Repos" */ = {
			isa = XCConfigurationList;
			buildConfigurations = (
				34DE19381DC2AF5900D64C5B /* Debug */,
				34DE19391DC2AF5900D64C5B /* Release */,
			);
			defaultConfigurationIsVisible = 0;
			defaultConfigurationName = Release;
		};
		34DE19821DC2B03F00D64C5B /* Build configuration list for PBXNativeTarget "iOS" */ = {
			isa = XCConfigurationList;
			buildConfigurations = (
				34DE197E1DC2B03F00D64C5B /* Debug */,
				34DE197F1DC2B03F00D64C5B /* Release */,
			);
			defaultConfigurationIsVisible = 0;
			defaultConfigurationName = Release;
		};
		34DE19A31DC2B1F300D64C5B /* Build configuration list for PBXNativeTarget "Shared" */ = {
			isa = XCConfigurationList;
			buildConfigurations = (
				34DE19A41DC2B1F300D64C5B /* Debug */,
				34DE19A51DC2B1F300D64C5B /* Release */,
			);
			defaultConfigurationIsVisible = 0;
			defaultConfigurationName = Release;
		};
		34DE19A61DC2B1F300D64C5B /* Build configuration list for PBXNativeTarget "SharedTests" */ = {
			isa = XCConfigurationList;
			buildConfigurations = (
				34DE19A71DC2B1F300D64C5B /* Debug */,
				34DE19A81DC2B1F300D64C5B /* Release */,
			);
			defaultConfigurationIsVisible = 0;
			defaultConfigurationName = Release;
		};
/* End XCConfigurationList section */
	};
	rootObject = 34DE19341DC2AF5900D64C5B /* Project object */;
}
